
Microsoft Visual Studio Solution File, Format Version 11.00
# Visual Studio 2010
Project("{8BC9CEB8-8B4A-11D0-8D11-00A0C91BC942}") = "bgHttpServer", "bgHttpServer\bgHttpServer.vcxproj", "{9F987AD0-6645-469E-87A6-41BEBC2035CF}"
	ProjectSection(ProjectDependencies) = postProject
		{F2B1362D-BB45-455B-8DCA-AFB0A79C2E60} = {F2B1362D-BB45-455B-8DCA-AFB0A79C2E60}
	EndProjectSection
EndProject
Project("{2150E333-8FDC-42A3-9474-1A3956D46DE8}") = "业务插件（HTTP业务处理模块）", "业务插件（HTTP业务处理模块）", "{67773A47-3205-41F2-BFE9-CAD2CFBFF5C0}"
EndProject
Project("{8BC9CEB8-8B4A-11D0-8D11-00A0C91BC942}") = "bgDeviceControl", "bgDeviceControl\bgDeviceControl.vcxproj", "{F2B1362D-BB45-455B-8DCA-AFB0A79C2E60}"
	ProjectSection(ProjectDependencies) = postProject
		{BD0BA141-98C2-4802-9122-B66CC5D2B0C9} = {BD0BA141-98C2-4802-9122-B66CC5D2B0C9}
	EndProjectSection
EndProject
Project("{2150E333-8FDC-42A3-9474-1A3956D46DE8}") = "车载客户端控制器模拟程序", "车载客户端控制器模拟程序", "{8C335597-9DE1-4199-A185-0F95D871C15A}"
EndProject
Project("{8BC9CEB8-8B4A-11D0-8D11-00A0C91BC942}") = "bgCarEndpoint", "bgCarEndpoint\bgCarEndpoint.vcxproj", "{85D34289-BFA2-43F2-B421-BCC48A7EED20}"
EndProject
Project("{2150E333-8FDC-42A3-9474-1A3956D46DE8}") = "摄像头", "摄像头", "{FEA50565-BC1D-4C21-B059-9919102C1A3B}"
EndProject
Project("{2150E333-8FDC-42A3-9474-1A3956D46DE8}") = "大华设备控制组件", "大华设备控制组件", "{88A5094B-DB23-4F70-976F-DFC5EEC1C680}"
EndProject
Project("{8BC9CEB8-8B4A-11D0-8D11-00A0C91BC942}") = "bgDaHuaDeviceControl", "bgDaHuaDeviceControl\bgDaHuaDeviceControl.vcxproj", "{BD0BA141-98C2-4802-9122-B66CC5D2B0C9}"
EndProject
Project("{8BC9CEB8-8B4A-11D0-8D11-00A0C91BC942}") = "DahuaDeviceControlDemo", "DahuaDeviceControlDemo\DahuaDeviceControlDemo.vcxproj", "{A1EFCB53-B217-4BD2-8762-E5A7809C6CFD}"
EndProject
Project("{2150E333-8FDC-42A3-9474-1A3956D46DE8}") = "媒体组件", "媒体组件", "{C8D9BE11-D8E2-478A-9303-D5D3C7EB636B}"
EndProject
Project("{2150E333-8FDC-42A3-9474-1A3956D46DE8}") = "推流器", "推流器", "{F6A99156-7397-4D51-BBB6-C5C679F210F3}"
EndProject
Project("{8BC9CEB8-8B4A-11D0-8D11-00A0C91BC942}") = "bgStreamPusher", "bgStreamPusher\bgStreamPusher.vcxproj", "{F00CD207-F177-441E-BDA1-0CE1BAC9EB9B}"
EndProject
Project("{2150E333-8FDC-42A3-9474-1A3956D46DE8}") = "信令服务器（HTTP服务器）", "信令服务器（HTTP服务器）", "{C77C3D8E-7041-4A2E-86AC-06515B3E26F6}"
EndProject
Project("{8BC9CEB8-8B4A-11D0-8D11-00A0C91BC942}") = "bgConfigGenerator", "bgConfigGenerator\bgConfigGenerator.vcxproj", "{9BDA28E9-3769-4B41-8D5D-69075D5B5DC8}"
EndProject
Global
	GlobalSection(SolutionConfigurationPlatforms) = preSolution
		Debug|Win32 = Debug|Win32
		Release|Win32 = Release|Win32
	EndGlobalSection
	GlobalSection(ProjectConfigurationPlatforms) = postSolution
		{9F987AD0-6645-469E-87A6-41BEBC2035CF}.Debug|Win32.ActiveCfg = Debug|Win32
		{9F987AD0-6645-469E-87A6-41BEBC2035CF}.Debug|Win32.Build.0 = Debug|Win32
		{9F987AD0-6645-469E-87A6-41BEBC2035CF}.Release|Win32.ActiveCfg = Release|Win32
		{9F987AD0-6645-469E-87A6-41BEBC2035CF}.Release|Win32.Build.0 = Release|Win32
		{F2B1362D-BB45-455B-8DCA-AFB0A79C2E60}.Debug|Win32.ActiveCfg = Debug|Win32
		{F2B1362D-BB45-455B-8DCA-AFB0A79C2E60}.Debug|Win32.Build.0 = Debug|Win32
		{F2B1362D-BB45-455B-8DCA-AFB0A79C2E60}.Release|Win32.ActiveCfg = Release|Win32
		{F2B1362D-BB45-455B-8DCA-AFB0A79C2E60}.Release|Win32.Build.0 = Release|Win32
		{85D34289-BFA2-43F2-B421-BCC48A7EED20}.Debug|Win32.ActiveCfg = Debug|Win32
		{85D34289-BFA2-43F2-B421-BCC48A7EED20}.Debug|Win32.Build.0 = Debug|Win32
		{85D34289-BFA2-43F2-B421-BCC48A7EED20}.Release|Win32.ActiveCfg = Release|Win32
		{85D34289-BFA2-43F2-B421-BCC48A7EED20}.Release|Win32.Build.0 = Release|Win32
		{BD0BA141-98C2-4802-9122-B66CC5D2B0C9}.Debug|Win32.ActiveCfg = Debug|Win32
		{BD0BA141-98C2-4802-9122-B66CC5D2B0C9}.Debug|Win32.Build.0 = Debug|Win32
		{BD0BA141-98C2-4802-9122-B66CC5D2B0C9}.Release|Win32.ActiveCfg = Release|Win32
		{BD0BA141-98C2-4802-9122-B66CC5D2B0C9}.Release|Win32.Build.0 = Release|Win32
		{A1EFCB53-B217-4BD2-8762-E5A7809C6CFD}.Debug|Win32.ActiveCfg = Debug|Win32
		{A1EFCB53-B217-4BD2-8762-E5A7809C6CFD}.Debug|Win32.Build.0 = Debug|Win32
		{A1EFCB53-B217-4BD2-8762-E5A7809C6CFD}.Release|Win32.ActiveCfg = Release|Win32
		{A1EFCB53-B217-4BD2-8762-E5A7809C6CFD}.Release|Win32.Build.0 = Release|Win32
		{F00CD207-F177-441E-BDA1-0CE1BAC9EB9B}.Debug|Win32.ActiveCfg = Debug|Win32
		{F00CD207-F177-441E-BDA1-0CE1BAC9EB9B}.Debug|Win32.Build.0 = Debug|Win32
		{F00CD207-F177-441E-BDA1-0CE1BAC9EB9B}.Release|Win32.ActiveCfg = Release|Win32
		{F00CD207-F177-441E-BDA1-0CE1BAC9EB9B}.Release|Win32.Build.0 = Release|Win32
		{9BDA28E9-3769-4B41-8D5D-69075D5B5DC8}.Debug|Win32.ActiveCfg = Debug|Win32
		{9BDA28E9-3769-4B41-8D5D-69075D5B5DC8}.Debug|Win32.Build.0 = Debug|Win32
		{9BDA28E9-3769-4B41-8D5D-69075D5B5DC8}.Release|Win32.ActiveCfg = Release|Win32
		{9BDA28E9-3769-4B41-8D5D-69075D5B5DC8}.Release|Win32.Build.0 = Release|Win32
	EndGlobalSection
	GlobalSection(SolutionProperties) = preSolution
		HideSolutionNode = FALSE
	EndGlobalSection
	GlobalSection(NestedProjects) = preSolution
		{9F987AD0-6645-469E-87A6-41BEBC2035CF} = {C77C3D8E-7041-4A2E-86AC-06515B3E26F6}
		{9BDA28E9-3769-4B41-8D5D-69075D5B5DC8} = {C77C3D8E-7041-4A2E-86AC-06515B3E26F6}
		{F2B1362D-BB45-455B-8DCA-AFB0A79C2E60} = {67773A47-3205-41F2-BFE9-CAD2CFBFF5C0}
		{85D34289-BFA2-43F2-B421-BCC48A7EED20} = {8C335597-9DE1-4199-A185-0F95D871C15A}
		{88A5094B-DB23-4F70-976F-DFC5EEC1C680} = {FEA50565-BC1D-4C21-B059-9919102C1A3B}
		{BD0BA141-98C2-4802-9122-B66CC5D2B0C9} = {88A5094B-DB23-4F70-976F-DFC5EEC1C680}
		{A1EFCB53-B217-4BD2-8762-E5A7809C6CFD} = {88A5094B-DB23-4F70-976F-DFC5EEC1C680}
		{F6A99156-7397-4D51-BBB6-C5C679F210F3} = {C8D9BE11-D8E2-478A-9303-D5D3C7EB636B}
		{F00CD207-F177-441E-BDA1-0CE1BAC9EB9B} = {F6A99156-7397-4D51-BBB6-C5C679F210F3}
	EndGlobalSection
EndGlobal
